DEPENDENCIES
  ic_rails
    path: .
    metadata: true
  ic_rails_test
    path: test/cookbooks/ic_rails_test

GRAPH
  7-zip (1.0.2)
    windows (>= 1.2.2)
  apt (2.9.2)
  bluepill (2.4.3)
    rsyslog (>= 2.0)
  build-essential (2.4.0)
    7-zip (>= 0.0.0)
  compat_resource (12.16.3)
  fail2ban (4.0.0)
    yum-epel (>= 0.0.0)
  homebrew (3.0.0)
  ic_rails (0.1.0)
    apt (>= 0.0.0)
    fail2ban (>= 0.0.0)
    iptables (>= 0.0.0)
    nginx (>= 0.0.0)
    openssh (>= 0.0.0)
    openssl (>= 0.0.0)
    postfix (>= 0.0.0)
    postgresql (>= 0.0.0)
    redisio (>= 0.0.0)
    ruby_build (>= 0.0.0)
    ruby_rbenv (>= 0.0.0)
    user (>= 0.0.0)
  ic_rails_test (0.1.0)
    ic_rails (>= 0.0.0)
    postgresql (>= 0.0.0)
  iptables (4.0.0)
  java (1.47.0)
    apt (>= 0.0.0)
    homebrew (>= 0.0.0)
    windows (>= 0.0.0)
  nginx (2.7.6)
    apt (~> 2.2)
    bluepill (~> 2.3)
    build-essential (~> 2.0)
    ohai (~> 2.0)
    runit (~> 1.2)
    yum-epel (~> 0.3)
  ohai (2.1.0)
  openssh (2.1.1)
    iptables (>= 1.0)
  openssl (7.0.0)
  packagecloud (0.3.0)
  postfix (5.0.1)
  postgresql (6.1.1)
    build-essential (>= 2.0.0)
    compat_resource (>= 12.16.3)
    openssl (>= 4.0)
  redisio (2.5.0)
    build-essential (>= 0.0.0)
    ulimit (>= 0.1.2)
  rsyslog (6.0.1)
  ruby_build (1.0.0)
    yum-epel (>= 0.0.0)
  ruby_rbenv (1.1.0)
    java (> 1.4.0)
    ruby_build (>= 0.0.0)
  runit (1.8.0)
    packagecloud (>= 0.0.0)
    yum-epel (>= 0.0.0)
  ulimit (0.4.0)
  user (0.7.0)
  windows (2.0.2)
  yum (5.0.0)
  yum-epel (0.7.1)
    yum (>= 3.6.3)
